// !$*UTF8*$!
{
	archiveVersion = 1;
	classes = {
	};
	objectVersion = 51;
	objects = {

/* Begin PBXBuildFile section */
		0E3690C9145D610AAEB7EAB2 /* Pods_SpaceX_APITests.framework in Frameworks */ = {isa = PBXBuildFile; fileRef = 1A1A48DF34C97EADBBF07FC4 /* Pods_SpaceX_APITests.framework */; };
		7E29F90506FFB60DE1120205 /* Pods_SpaceX_API.framework in Frameworks */ = {isa = PBXBuildFile; fileRef = EFE0475C046EB8E4BB3D59DE /* Pods_SpaceX_API.framework */; };
		84B5FC8A25BE8C7200BECF13 /* AppDelegate.swift in Sources */ = {isa = PBXBuildFile; fileRef = 84B5FC8925BE8C7200BECF13 /* AppDelegate.swift */; };
		84B5FC8C25BE8C7200BECF13 /* SceneDelegate.swift in Sources */ = {isa = PBXBuildFile; fileRef = 84B5FC8B25BE8C7200BECF13 /* SceneDelegate.swift */; };
		84B5FC9325BE8C7500BECF13 /* Assets.xcassets in Resources */ = {isa = PBXBuildFile; fileRef = 84B5FC9225BE8C7500BECF13 /* Assets.xcassets */; };
		84B5FC9625BE8C7500BECF13 /* LaunchScreen.storyboard in Resources */ = {isa = PBXBuildFile; fileRef = 84B5FC9425BE8C7500BECF13 /* LaunchScreen.storyboard */; };
		84B5FCA125BE8C7600BECF13 /* SpaceX_APITests.swift in Sources */ = {isa = PBXBuildFile; fileRef = 84B5FCA025BE8C7600BECF13 /* SpaceX_APITests.swift */; };
		84B5FCAC25BE8C7600BECF13 /* SpaceX_APIUITests.swift in Sources */ = {isa = PBXBuildFile; fileRef = 84B5FCAB25BE8C7600BECF13 /* SpaceX_APIUITests.swift */; };
		84BC525A25BE9D0300901F77 /* CoordinatorViewController.swift in Sources */ = {isa = PBXBuildFile; fileRef = 84BC525925BE9D0300901F77 /* CoordinatorViewController.swift */; };
		84BC525C25BE9D4A00901F77 /* LaunchesCoordinator.swift in Sources */ = {isa = PBXBuildFile; fileRef = 84BC525B25BE9D4A00901F77 /* LaunchesCoordinator.swift */; };
		84BC525E25BE9D6C00901F77 /* LaunchDetailCoordinator.swift in Sources */ = {isa = PBXBuildFile; fileRef = 84BC525D25BE9D6C00901F77 /* LaunchDetailCoordinator.swift */; };
		84BC526025BE9DAC00901F77 /* LaunchesViewController.swift in Sources */ = {isa = PBXBuildFile; fileRef = 84BC525F25BE9DAC00901F77 /* LaunchesViewController.swift */; };
		84BC526225BE9DBB00901F77 /* LaunchDetailViewController.swift in Sources */ = {isa = PBXBuildFile; fileRef = 84BC526125BE9DBB00901F77 /* LaunchDetailViewController.swift */; };
		84BC526425BEA11600901F77 /* LaunchesViewModel.swift in Sources */ = {isa = PBXBuildFile; fileRef = 84BC526325BEA11600901F77 /* LaunchesViewModel.swift */; };
		84BC526625BEA13800901F77 /* LaunchDetailViewModel.swift in Sources */ = {isa = PBXBuildFile; fileRef = 84BC526525BEA13800901F77 /* LaunchDetailViewModel.swift */; };
		84BC526825BEA15500901F77 /* LaunchModel.swift in Sources */ = {isa = PBXBuildFile; fileRef = 84BC526725BEA15500901F77 /* LaunchModel.swift */; };
		84BC526A25BEA18400901F77 /* RocketModel.swift in Sources */ = {isa = PBXBuildFile; fileRef = 84BC526925BEA18400901F77 /* RocketModel.swift */; };
		84BC526C25BEA1BD00901F77 /* LaunchesTableViewCell.swift in Sources */ = {isa = PBXBuildFile; fileRef = 84BC526B25BEA1BD00901F77 /* LaunchesTableViewCell.swift */; };
		84BC526E25BEA1E600901F77 /* UIViewController+Instantiate.swift in Sources */ = {isa = PBXBuildFile; fileRef = 84BC526D25BEA1E600901F77 /* UIViewController+Instantiate.swift */; };
		84BC527025BEA21100901F77 /* UIImageView+URL.swift in Sources */ = {isa = PBXBuildFile; fileRef = 84BC526F25BEA21100901F77 /* UIImageView+URL.swift */; };
		84BC527225BEA22500901F77 /* UIView+Identifier.swift in Sources */ = {isa = PBXBuildFile; fileRef = 84BC527125BEA22500901F77 /* UIView+Identifier.swift */; };
		84BC527425BEA23F00901F77 /* Date+String.swift in Sources */ = {isa = PBXBuildFile; fileRef = 84BC527325BEA23F00901F77 /* Date+String.swift */; };
		84BC527625BEA53000901F77 /* MRCConstant.swift in Sources */ = {isa = PBXBuildFile; fileRef = 84BC527525BEA53000901F77 /* MRCConstant.swift */; };
		84BC52B225BEC08000901F77 /* Main.storyboard in Resources */ = {isa = PBXBuildFile; fileRef = 84BC52B125BEC07F00901F77 /* Main.storyboard */; };
		DFBDE2768F1D79F8B811AEBA /* Pods_SpaceX_API_SpaceX_APIUITests.framework in Frameworks */ = {isa = PBXBuildFile; fileRef = C33DE7B89391FDBC0CFBB726 /* Pods_SpaceX_API_SpaceX_APIUITests.framework */; };
/* End PBXBuildFile section */

/* Begin PBXContainerItemProxy section */
		84B5FC9D25BE8C7600BECF13 /* PBXContainerItemProxy */ = {
			isa = PBXContainerItemProxy;
			containerPortal = 84B5FC7E25BE8C7200BECF13 /* Project object */;
			proxyType = 1;
			remoteGlobalIDString = 84B5FC8525BE8C7200BECF13;
			remoteInfo = SpaceX_API;
		};
		84B5FCA825BE8C7600BECF13 /* PBXContainerItemProxy */ = {
			isa = PBXContainerItemProxy;
			containerPortal = 84B5FC7E25BE8C7200BECF13 /* Project object */;
			proxyType = 1;
			remoteGlobalIDString = 84B5FC8525BE8C7200BECF13;
			remoteInfo = SpaceX_API;
		};
/* End PBXContainerItemProxy section */

/* Begin PBXFileReference section */
		1A1A48DF34C97EADBBF07FC4 /* Pods_SpaceX_APITests.framework */ = {isa = PBXFileReference; explicitFileType = wrapper.framework; includeInIndex = 0; path = Pods_SpaceX_APITests.framework; sourceTree = BUILT_PRODUCTS_DIR; };
		27B2070D99E1AA927201EF27 /* Pods-SpaceX_APITests.debug.xcconfig */ = {isa = PBXFileReference; includeInIndex = 1; lastKnownFileType = text.xcconfig; name = "Pods-SpaceX_APITests.debug.xcconfig"; path = "Target Support Files/Pods-SpaceX_APITests/Pods-SpaceX_APITests.debug.xcconfig"; sourceTree = "<group>"; };
		46DF3AE0C25FFF4A1DADEB28 /* Pods-SpaceX_API-SpaceX_APIUITests.release.xcconfig */ = {isa = PBXFileReference; includeInIndex = 1; lastKnownFileType = text.xcconfig; name = "Pods-SpaceX_API-SpaceX_APIUITests.release.xcconfig"; path = "Target Support Files/Pods-SpaceX_API-SpaceX_APIUITests/Pods-SpaceX_API-SpaceX_APIUITests.release.xcconfig"; sourceTree = "<group>"; };
		80CCB25B7F697F302021C1FD /* Pods-SpaceX_API.release.xcconfig */ = {isa = PBXFileReference; includeInIndex = 1; lastKnownFileType = text.xcconfig; name = "Pods-SpaceX_API.release.xcconfig"; path = "Target Support Files/Pods-SpaceX_API/Pods-SpaceX_API.release.xcconfig"; sourceTree = "<group>"; };
		84B5FC8625BE8C7200BECF13 /* SpaceX_API.app */ = {isa = PBXFileReference; explicitFileType = wrapper.application; includeInIndex = 0; path = SpaceX_API.app; sourceTree = BUILT_PRODUCTS_DIR; };
		84B5FC8925BE8C7200BECF13 /* AppDelegate.swift */ = {isa = PBXFileReference; lastKnownFileType = sourcecode.swift; path = AppDelegate.swift; sourceTree = "<group>"; };
		84B5FC8B25BE8C7200BECF13 /* SceneDelegate.swift */ = {isa = PBXFileReference; lastKnownFileType = sourcecode.swift; path = SceneDelegate.swift; sourceTree = "<group>"; };
		84B5FC9225BE8C7500BECF13 /* Assets.xcassets */ = {isa = PBXFileReference; lastKnownFileType = folder.assetcatalog; path = Assets.xcassets; sourceTree = "<group>"; };
		84B5FC9525BE8C7500BECF13 /* Base */ = {isa = PBXFileReference; lastKnownFileType = file.storyboard; name = Base; path = Base.lproj/LaunchScreen.storyboard; sourceTree = "<group>"; };
		84B5FC9725BE8C7500BECF13 /* Info.plist */ = {isa = PBXFileReference; lastKnownFileType = text.plist.xml; path = Info.plist; sourceTree = "<group>"; };
		84B5FC9C25BE8C7600BECF13 /* SpaceX_APITests.xctest */ = {isa = PBXFileReference; explicitFileType = wrapper.cfbundle; includeInIndex = 0; path = SpaceX_APITests.xctest; sourceTree = BUILT_PRODUCTS_DIR; };
		84B5FCA025BE8C7600BECF13 /* SpaceX_APITests.swift */ = {isa = PBXFileReference; lastKnownFileType = sourcecode.swift; path = SpaceX_APITests.swift; sourceTree = "<group>"; };
		84B5FCA225BE8C7600BECF13 /* Info.plist */ = {isa = PBXFileReference; lastKnownFileType = text.plist.xml; path = Info.plist; sourceTree = "<group>"; };
		84B5FCA725BE8C7600BECF13 /* SpaceX_APIUITests.xctest */ = {isa = PBXFileReference; explicitFileType = wrapper.cfbundle; includeInIndex = 0; path = SpaceX_APIUITests.xctest; sourceTree = BUILT_PRODUCTS_DIR; };
		84B5FCAB25BE8C7600BECF13 /* SpaceX_APIUITests.swift */ = {isa = PBXFileReference; lastKnownFileType = sourcecode.swift; path = SpaceX_APIUITests.swift; sourceTree = "<group>"; };
		84B5FCAD25BE8C7600BECF13 /* Info.plist */ = {isa = PBXFileReference; lastKnownFileType = text.plist.xml; path = Info.plist; sourceTree = "<group>"; };
		84BC525925BE9D0300901F77 /* CoordinatorViewController.swift */ = {isa = PBXFileReference; lastKnownFileType = sourcecode.swift; path = CoordinatorViewController.swift; sourceTree = "<group>"; };
		84BC525B25BE9D4A00901F77 /* LaunchesCoordinator.swift */ = {isa = PBXFileReference; lastKnownFileType = sourcecode.swift; path = LaunchesCoordinator.swift; sourceTree = "<group>"; };
		84BC525D25BE9D6C00901F77 /* LaunchDetailCoordinator.swift */ = {isa = PBXFileReference; lastKnownFileType = sourcecode.swift; path = LaunchDetailCoordinator.swift; sourceTree = "<group>"; };
		84BC525F25BE9DAC00901F77 /* LaunchesViewController.swift */ = {isa = PBXFileReference; lastKnownFileType = sourcecode.swift; path = LaunchesViewController.swift; sourceTree = "<group>"; };
		84BC526125BE9DBB00901F77 /* LaunchDetailViewController.swift */ = {isa = PBXFileReference; lastKnownFileType = sourcecode.swift; path = LaunchDetailViewController.swift; sourceTree = "<group>"; };
		84BC526325BEA11600901F77 /* LaunchesViewModel.swift */ = {isa = PBXFileReference; lastKnownFileType = sourcecode.swift; path = LaunchesViewModel.swift; sourceTree = "<group>"; };
		84BC526525BEA13800901F77 /* LaunchDetailViewModel.swift */ = {isa = PBXFileReference; lastKnownFileType = sourcecode.swift; path = LaunchDetailViewModel.swift; sourceTree = "<group>"; };
		84BC526725BEA15500901F77 /* LaunchModel.swift */ = {isa = PBXFileReference; lastKnownFileType = sourcecode.swift; path = LaunchModel.swift; sourceTree = "<group>"; };
		84BC526925BEA18400901F77 /* RocketModel.swift */ = {isa = PBXFileReference; lastKnownFileType = sourcecode.swift; path = RocketModel.swift; sourceTree = "<group>"; };
		84BC526B25BEA1BD00901F77 /* LaunchesTableViewCell.swift */ = {isa = PBXFileReference; lastKnownFileType = sourcecode.swift; path = LaunchesTableViewCell.swift; sourceTree = "<group>"; };
		84BC526D25BEA1E600901F77 /* UIViewController+Instantiate.swift */ = {isa = PBXFileReference; lastKnownFileType = sourcecode.swift; path = "UIViewController+Instantiate.swift"; sourceTree = "<group>"; };
		84BC526F25BEA21100901F77 /* UIImageView+URL.swift */ = {isa = PBXFileReference; lastKnownFileType = sourcecode.swift; path = "UIImageView+URL.swift"; sourceTree = "<group>"; };
		84BC527125BEA22500901F77 /* UIView+Identifier.swift */ = {isa = PBXFileReference; lastKnownFileType = sourcecode.swift; path = "UIView+Identifier.swift"; sourceTree = "<group>"; };
		84BC527325BEA23F00901F77 /* Date+String.swift */ = {isa = PBXFileReference; lastKnownFileType = sourcecode.swift; path = "Date+String.swift"; sourceTree = "<group>"; };
		84BC527525BEA53000901F77 /* MRCConstant.swift */ = {isa = PBXFileReference; fileEncoding = 4; lastKnownFileType = sourcecode.swift; path = MRCConstant.swift; sourceTree = "<group>"; };
		84BC52B125BEC07F00901F77 /* Main.storyboard */ = {isa = PBXFileReference; fileEncoding = 4; lastKnownFileType = file.storyboard; path = Main.storyboard; sourceTree = "<group>"; };
		BB7DEF2B7AB2CAC461DBA31C /* Pods-SpaceX_API.debug.xcconfig */ = {isa = PBXFileReference; includeInIndex = 1; lastKnownFileType = text.xcconfig; name = "Pods-SpaceX_API.debug.xcconfig"; path = "Target Support Files/Pods-SpaceX_API/Pods-SpaceX_API.debug.xcconfig"; sourceTree = "<group>"; };
		C33DE7B89391FDBC0CFBB726 /* Pods_SpaceX_API_SpaceX_APIUITests.framework */ = {isa = PBXFileReference; explicitFileType = wrapper.framework; includeInIndex = 0; path = Pods_SpaceX_API_SpaceX_APIUITests.framework; sourceTree = BUILT_PRODUCTS_DIR; };
		E9C988AFAA82C235DF6B04A9 /* Pods-SpaceX_APITests.release.xcconfig */ = {isa = PBXFileReference; includeInIndex = 1; lastKnownFileType = text.xcconfig; name = "Pods-SpaceX_APITests.release.xcconfig"; path = "Target Support Files/Pods-SpaceX_APITests/Pods-SpaceX_APITests.release.xcconfig"; sourceTree = "<group>"; };
		EFE0475C046EB8E4BB3D59DE /* Pods_SpaceX_API.framework */ = {isa = PBXFileReference; explicitFileType = wrapper.framework; includeInIndex = 0; path = Pods_SpaceX_API.framework; sourceTree = BUILT_PRODUCTS_DIR; };
		FB9A5F025B51493264241901 /* Pods-SpaceX_API-SpaceX_APIUITests.debug.xcconfig */ = {isa = PBXFileReference; includeInIndex = 1; lastKnownFileType = text.xcconfig; name = "Pods-SpaceX_API-SpaceX_APIUITests.debug.xcconfig"; path = "Target Support Files/Pods-SpaceX_API-SpaceX_APIUITests/Pods-SpaceX_API-SpaceX_APIUITests.debug.xcconfig"; sourceTree = "<group>"; };
/* End PBXFileReference section */

/* Begin PBXFrameworksBuildPhase section */
		84B5FC8325BE8C7200BECF13 /* Frameworks */ = {
			isa = PBXFrameworksBuildPhase;
			buildActionMask = 2147483647;
			files = (
				7E29F90506FFB60DE1120205 /* Pods_SpaceX_API.framework in Frameworks */,
			);
			runOnlyForDeploymentPostprocessing = 0;
		};
		84B5FC9925BE8C7600BECF13 /* Frameworks */ = {
			isa = PBXFrameworksBuildPhase;
			buildActionMask = 2147483647;
			files = (
				0E3690C9145D610AAEB7EAB2 /* Pods_SpaceX_APITests.framework in Frameworks */,
			);
			runOnlyForDeploymentPostprocessing = 0;
		};
		84B5FCA425BE8C7600BECF13 /* Frameworks */ = {
			isa = PBXFrameworksBuildPhase;
			buildActionMask = 2147483647;
			files = (
				DFBDE2768F1D79F8B811AEBA /* Pods_SpaceX_API_SpaceX_APIUITests.framework in Frameworks */,
			);
			runOnlyForDeploymentPostprocessing = 0;
		};
/* End PBXFrameworksBuildPhase section */

/* Begin PBXGroup section */
		18755DB887F8693AB716F959 /* Frameworks */ = {
			isa = PBXGroup;
			children = (
				EFE0475C046EB8E4BB3D59DE /* Pods_SpaceX_API.framework */,
				C33DE7B89391FDBC0CFBB726 /* Pods_SpaceX_API_SpaceX_APIUITests.framework */,
				1A1A48DF34C97EADBBF07FC4 /* Pods_SpaceX_APITests.framework */,
			);
			name = Frameworks;
			sourceTree = "<group>";
		};
		84B5FC7D25BE8C7200BECF13 = {
			isa = PBXGroup;
			children = (
				84B5FC8825BE8C7200BECF13 /* SpaceX_API */,
				84B5FC9F25BE8C7600BECF13 /* SpaceX_APITests */,
				84B5FCAA25BE8C7600BECF13 /* SpaceX_APIUITests */,
				84B5FC8725BE8C7200BECF13 /* Products */,
				BF0B716DFC5768100CF31EB2 /* Pods */,
				18755DB887F8693AB716F959 /* Frameworks */,
			);
			sourceTree = "<group>";
		};
		84B5FC8725BE8C7200BECF13 /* Products */ = {
			isa = PBXGroup;
			children = (
				84B5FC8625BE8C7200BECF13 /* SpaceX_API.app */,
				84B5FC9C25BE8C7600BECF13 /* SpaceX_APITests.xctest */,
				84B5FCA725BE8C7600BECF13 /* SpaceX_APIUITests.xctest */,
			);
			name = Products;
			sourceTree = "<group>";
		};
		84B5FC8825BE8C7200BECF13 /* SpaceX_API */ = {
			isa = PBXGroup;
			children = (
				84BC525225BE98AA00901F77 /* Coordinators */,
				84BC525325BE992B00901F77 /* Controllers */,
				84BC525425BE995C00901F77 /* ViewModels */,
				84BC525525BE996600901F77 /* Model */,
				84BC525625BE9C6E00901F77 /* Views */,
				84BC525725BE9C9900901F77 /* Utility */,
				84BC525825BE9CAF00901F77 /* Extension */,
				84B5FC8925BE8C7200BECF13 /* AppDelegate.swift */,
				84B5FC8B25BE8C7200BECF13 /* SceneDelegate.swift */,
				84BC52B125BEC07F00901F77 /* Main.storyboard */,
				84B5FC9225BE8C7500BECF13 /* Assets.xcassets */,
				84B5FC9425BE8C7500BECF13 /* LaunchScreen.storyboard */,
				84B5FC9725BE8C7500BECF13 /* Info.plist */,
			);
			path = SpaceX_API;
			sourceTree = "<group>";
		};
		84B5FC9F25BE8C7600BECF13 /* SpaceX_APITests */ = {
			isa = PBXGroup;
			children = (
				84B5FCA025BE8C7600BECF13 /* SpaceX_APITests.swift */,
				84B5FCA225BE8C7600BECF13 /* Info.plist */,
			);
			path = SpaceX_APITests;
			sourceTree = "<group>";
		};
		84B5FCAA25BE8C7600BECF13 /* SpaceX_APIUITests */ = {
			isa = PBXGroup;
			children = (
				84B5FCAB25BE8C7600BECF13 /* SpaceX_APIUITests.swift */,
				84B5FCAD25BE8C7600BECF13 /* Info.plist */,
			);
			path = SpaceX_APIUITests;
			sourceTree = "<group>";
		};
		84BC525225BE98AA00901F77 /* Coordinators */ = {
			isa = PBXGroup;
			children = (
				84BC525925BE9D0300901F77 /* CoordinatorViewController.swift */,
				84BC525B25BE9D4A00901F77 /* LaunchesCoordinator.swift */,
				84BC525D25BE9D6C00901F77 /* LaunchDetailCoordinator.swift */,
			);
			path = Coordinators;
			sourceTree = "<group>";
		};
		84BC525325BE992B00901F77 /* Controllers */ = {
			isa = PBXGroup;
			children = (
				84BC525F25BE9DAC00901F77 /* LaunchesViewController.swift */,
				84BC526125BE9DBB00901F77 /* LaunchDetailViewController.swift */,
			);
			path = Controllers;
			sourceTree = "<group>";
		};
		84BC525425BE995C00901F77 /* ViewModels */ = {
			isa = PBXGroup;
			children = (
				84BC526325BEA11600901F77 /* LaunchesViewModel.swift */,
				84BC526525BEA13800901F77 /* LaunchDetailViewModel.swift */,
			);
			path = ViewModels;
			sourceTree = "<group>";
		};
		84BC525525BE996600901F77 /* Model */ = {
			isa = PBXGroup;
			children = (
				84BC526725BEA15500901F77 /* LaunchModel.swift */,
				84BC526925BEA18400901F77 /* RocketModel.swift */,
			);
			path = Model;
			sourceTree = "<group>";
		};
		84BC525625BE9C6E00901F77 /* Views */ = {
			isa = PBXGroup;
			children = (
				84BC526B25BEA1BD00901F77 /* LaunchesTableViewCell.swift */,
			);
			path = Views;
			sourceTree = "<group>";
		};
		84BC525725BE9C9900901F77 /* Utility */ = {
			isa = PBXGroup;
			children = (
				84BC527525BEA53000901F77 /* MRCConstant.swift */,
			);
			path = Utility;
			sourceTree = "<group>";
		};
		84BC525825BE9CAF00901F77 /* Extension */ = {
			isa = PBXGroup;
			children = (
				84BC526D25BEA1E600901F77 /* UIViewController+Instantiate.swift */,
				84BC526F25BEA21100901F77 /* UIImageView+URL.swift */,
				84BC527125BEA22500901F77 /* UIView+Identifier.swift */,
				84BC527325BEA23F00901F77 /* Date+String.swift */,
			);
			path = Extension;
			sourceTree = "<group>";
		};
		BF0B716DFC5768100CF31EB2 /* Pods */ = {
			isa = PBXGroup;
			children = (
				BB7DEF2B7AB2CAC461DBA31C /* Pods-SpaceX_API.debug.xcconfig */,
				80CCB25B7F697F302021C1FD /* Pods-SpaceX_API.release.xcconfig */,
				FB9A5F025B51493264241901 /* Pods-SpaceX_API-SpaceX_APIUITests.debug.xcconfig */,
				46DF3AE0C25FFF4A1DADEB28 /* Pods-SpaceX_API-SpaceX_APIUITests.release.xcconfig */,
				27B2070D99E1AA927201EF27 /* Pods-SpaceX_APITests.debug.xcconfig */,
				E9C988AFAA82C235DF6B04A9 /* Pods-SpaceX_APITests.release.xcconfig */,
			);
			path = Pods;
			sourceTree = "<group>";
		};
/* End PBXGroup section */

/* Begin PBXNativeTarget section */
		84B5FC8525BE8C7200BECF13 /* SpaceX_API */ = {
			isa = PBXNativeTarget;
			buildConfigurationList = 84B5FCB025BE8C7600BECF13 /* Build configuration list for PBXNativeTarget "SpaceX_API" */;
			buildPhases = (
				F29876937B830DDC59E95D34 /* [CP] Check Pods Manifest.lock */,
				84B5FC8225BE8C7200BECF13 /* Sources */,
				84B5FC8325BE8C7200BECF13 /* Frameworks */,
				84B5FC8425BE8C7200BECF13 /* Resources */,
				D8BC880C4BCF377A5ED9D298 /* [CP] Embed Pods Frameworks */,
			);
			buildRules = (
			);
			dependencies = (
			);
			name = SpaceX_API;
			productName = SpaceX_API;
			productReference = 84B5FC8625BE8C7200BECF13 /* SpaceX_API.app */;
			productType = "com.apple.product-type.application";
		};
		84B5FC9B25BE8C7600BECF13 /* SpaceX_APITests */ = {
			isa = PBXNativeTarget;
			buildConfigurationList = 84B5FCB325BE8C7600BECF13 /* Build configuration list for PBXNativeTarget "SpaceX_APITests" */;
			buildPhases = (
				536EBCD9D08362B91106504E /* [CP] Check Pods Manifest.lock */,
				84B5FC9825BE8C7600BECF13 /* Sources */,
				84B5FC9925BE8C7600BECF13 /* Frameworks */,
				84B5FC9A25BE8C7600BECF13 /* Resources */,
			);
			buildRules = (
			);
			dependencies = (
				84B5FC9E25BE8C7600BECF13 /* PBXTargetDependency */,
			);
			name = SpaceX_APITests;
			productName = SpaceX_APITests;
			productReference = 84B5FC9C25BE8C7600BECF13 /* SpaceX_APITests.xctest */;
			productType = "com.apple.product-type.bundle.unit-test";
		};
		84B5FCA625BE8C7600BECF13 /* SpaceX_APIUITests */ = {
			isa = PBXNativeTarget;
			buildConfigurationList = 84B5FCB625BE8C7600BECF13 /* Build configuration list for PBXNativeTarget "SpaceX_APIUITests" */;
			buildPhases = (
				CFE5F402E54C4F808E13250D /* [CP] Check Pods Manifest.lock */,
				84B5FCA325BE8C7600BECF13 /* Sources */,
				84B5FCA425BE8C7600BECF13 /* Frameworks */,
				84B5FCA525BE8C7600BECF13 /* Resources */,
				8F4BFDD1805EF133B475F98D /* [CP] Embed Pods Frameworks */,
			);
			buildRules = (
			);
			dependencies = (
				84B5FCA925BE8C7600BECF13 /* PBXTargetDependency */,
			);
			name = SpaceX_APIUITests;
			productName = SpaceX_APIUITests;
			productReference = 84B5FCA725BE8C7600BECF13 /* SpaceX_APIUITests.xctest */;
			productType = "com.apple.product-type.bundle.ui-testing";
		};
/* End PBXNativeTarget section */

/* Begin PBXProject section */
		84B5FC7E25BE8C7200BECF13 /* Project object */ = {
			isa = PBXProject;
			attributes = {
				LastSwiftUpdateCheck = 1150;
				LastUpgradeCheck = 1150;
				ORGANIZATIONNAME = Jamshed;
				TargetAttributes = {
					84B5FC8525BE8C7200BECF13 = {
						CreatedOnToolsVersion = 11.5;
					};
					84B5FC9B25BE8C7600BECF13 = {
						CreatedOnToolsVersion = 11.5;
						TestTargetID = 84B5FC8525BE8C7200BECF13;
					};
					84B5FCA625BE8C7600BECF13 = {
						CreatedOnToolsVersion = 11.5;
						TestTargetID = 84B5FC8525BE8C7200BECF13;
					};
				};
			};
			buildConfigurationList = 84B5FC8125BE8C7200BECF13 /* Build configuration list for PBXProject "SpaceX_API" */;
			compatibilityVersion = "Xcode 9.3";
			developmentRegion = en;
			hasScannedForEncodings = 0;
			knownRegions = (
				en,
				Base,
			);
			mainGroup = 84B5FC7D25BE8C7200BECF13;
			productRefGroup = 84B5FC8725BE8C7200BECF13 /* Products */;
			projectDirPath = "";
			projectRoot = "";
			targets = (
				84B5FC8525BE8C7200BECF13 /* SpaceX_API */,
				84B5FC9B25BE8C7600BECF13 /* SpaceX_APITests */,
				84B5FCA625BE8C7600BECF13 /* SpaceX_APIUITests */,
			);
		};
/* End PBXProject section */

/* Begin PBXResourcesBuildPhase section */
		84B5FC8425BE8C7200BECF13 /* Resources */ = {
			isa = PBXResourcesBuildPhase;
			buildActionMask = 2147483647;
			files = (
				84BC52B225BEC08000901F77 /* Main.storyboard in Resources */,
				84B5FC9625BE8C7500BECF13 /* LaunchScreen.storyboard in Resources */,
				84B5FC9325BE8C7500BECF13 /* Assets.xcassets in Resources */,
			);
			runOnlyForDeploymentPostprocessing = 0;
		};
		84B5FC9A25BE8C7600BECF13 /* Resources */ = {
			isa = PBXResourcesBuildPhase;
			buildActionMask = 2147483647;
			files = (
			);
			runOnlyForDeploymentPostprocessing = 0;
		};
		84B5FCA525BE8C7600BECF13 /* Resources */ = {
			isa = PBXResourcesBuildPhase;
			buildActionMask = 2147483647;
			files = (
			);
			runOnlyForDeploymentPostprocessing = 0;
		};
/* End PBXResourcesBuildPhase section */

/* Begin PBXShellScriptBuildPhase section */
		536EBCD9D08362B91106504E /* [CP] Check Pods Manifest.lock */ = {
			isa = PBXShellScriptBuildPhase;
			buildActionMask = 2147483647;
			files = (
			);
			inputFileListPaths = (
			);
			inputPaths = (
				"${PODS_PODFILE_DIR_PATH}/Podfile.lock",
				"${PODS_ROOT}/Manifest.lock",
			);
			name = "[CP] Check Pods Manifest.lock";
			outputFileListPaths = (
			);
			outputPaths = (
				"$(DERIVED_FILE_DIR)/Pods-SpaceX_APITests-checkManifestLockResult.txt",
			);
			runOnlyForDeploymentPostprocessing = 0;
			shellPath = /bin/sh;
			shellScript = "diff \"${PODS_PODFILE_DIR_PATH}/Podfile.lock\" \"${PODS_ROOT}/Manifest.lock\" > /dev/null\nif [ $? != 0 ] ; then\n    # print error to STDERR\n    echo \"error: The sandbox is not in sync with the Podfile.lock. Run 'pod install' or update your CocoaPods installation.\" >&2\n    exit 1\nfi\n# This output is used by Xcode 'outputs' to avoid re-running this script phase.\necho \"SUCCESS\" > \"${SCRIPT_OUTPUT_FILE_0}\"\n";
			showEnvVarsInLog = 0;
		};
		8F4BFDD1805EF133B475F98D /* [CP] Embed Pods Frameworks */ = {
			isa = PBXShellScriptBuildPhase;
			buildActionMask = 2147483647;
			files = (
			);
			inputFileListPaths = (
				"${PODS_ROOT}/Target Support Files/Pods-SpaceX_API-SpaceX_APIUITests/Pods-SpaceX_API-SpaceX_APIUITests-frameworks-${CONFIGURATION}-input-files.xcfilelist",
			);
			name = "[CP] Embed Pods Frameworks";
			outputFileListPaths = (
				"${PODS_ROOT}/Target Support Files/Pods-SpaceX_API-SpaceX_APIUITests/Pods-SpaceX_API-SpaceX_APIUITests-frameworks-${CONFIGURATION}-output-files.xcfilelist",
			);
			runOnlyForDeploymentPostprocessing = 0;
			shellPath = /bin/sh;
			shellScript = "\"${PODS_ROOT}/Target Support Files/Pods-SpaceX_API-SpaceX_APIUITests/Pods-SpaceX_API-SpaceX_APIUITests-frameworks.sh\"\n";
			showEnvVarsInLog = 0;
		};
		CFE5F402E54C4F808E13250D /* [CP] Check Pods Manifest.lock */ = {
			isa = PBXShellScriptBuildPhase;
			buildActionMask = 2147483647;
			files = (
			);
			inputFileListPaths = (
			);
			inputPaths = (
				"${PODS_PODFILE_DIR_PATH}/Podfile.lock",
				"${PODS_ROOT}/Manifest.lock",
			);
			name = "[CP] Check Pods Manifest.lock";
			outputFileListPaths = (
			);
			outputPaths = (
				"$(DERIVED_FILE_DIR)/Pods-SpaceX_API-SpaceX_APIUITests-checkManifestLockResult.txt",
			);
			runOnlyForDeploymentPostprocessing = 0;
			shellPath = /bin/sh;
			shellScript = "diff \"${PODS_PODFILE_DIR_PATH}/Podfile.lock\" \"${PODS_ROOT}/Manifest.lock\" > /dev/null\nif [ $? != 0 ] ; then\n    # print error to STDERR\n    echo \"error: The sandbox is not in sync with the Podfile.lock. Run 'pod install' or update your CocoaPods installation.\" >&2\n    exit 1\nfi\n# This output is used by Xcode 'outputs' to avoid re-running this script phase.\necho \"SUCCESS\" > \"${SCRIPT_OUTPUT_FILE_0}\"\n";
			showEnvVarsInLog = 0;
		};
		D8BC880C4BCF377A5ED9D298 /* [CP] Embed Pods Frameworks */ = {
			isa = PBXShellScriptBuildPhase;
			buildActionMask = 2147483647;
			files = (
			);
			inputFileListPaths = (
				"${PODS_ROOT}/Target Support Files/Pods-SpaceX_API/Pods-SpaceX_API-frameworks-${CONFIGURATION}-input-files.xcfilelist",
			);
			name = "[CP] Embed Pods Frameworks";
			outputFileListPaths = (
				"${PODS_ROOT}/Target Support Files/Pods-SpaceX_API/Pods-SpaceX_API-frameworks-${CONFIGURATION}-output-files.xcfilelist",
			);
			runOnlyForDeploymentPostprocessing = 0;
			shellPath = /bin/sh;
			shellScript = "\"${PODS_ROOT}/Target Support Files/Pods-SpaceX_API/Pods-SpaceX_API-frameworks.sh\"\n";
			showEnvVarsInLog = 0;
		};
		F29876937B830DDC59E95D34 /* [CP] Check Pods Manifest.lock */ = {
			isa = PBXShellScriptBuildPhase;
			buildActionMask = 2147483647;
			files = (
			);
			inputFileListPaths = (
			);
			inputPaths = (
				"${PODS_PODFILE_DIR_PATH}/Podfile.lock",
				"${PODS_ROOT}/Manifest.lock",
			);
			name = "[CP] Check Pods Manifest.lock";
			outputFileListPaths = (
			);
			outputPaths = (
				"$(DERIVED_FILE_DIR)/Pods-SpaceX_API-checkManifestLockResult.txt",
			);
			runOnlyForDeploymentPostprocessing = 0;
			shellPath = /bin/sh;
			shellScript = "diff \"${PODS_PODFILE_DIR_PATH}/Podfile.lock\" \"${PODS_ROOT}/Manifest.lock\" > /dev/null\nif [ $? != 0 ] ; then\n    # print error to STDERR\n    echo \"error: The sandbox is not in sync with the Podfile.lock. Run 'pod install' or update your CocoaPods installation.\" >&2\n    exit 1\nfi\n# This output is used by Xcode 'outputs' to avoid re-running this script phase.\necho \"SUCCESS\" > \"${SCRIPT_OUTPUT_FILE_0}\"\n";
			showEnvVarsInLog = 0;
		};
/* End PBXShellScriptBuildPhase section */

/* Begin PBXSourcesBuildPhase section */
		84B5FC8225BE8C7200BECF13 /* Sources */ = {
			isa = PBXSourcesBuildPhase;
			buildActionMask = 2147483647;
			files = (
				84BC526225BE9DBB00901F77 /* LaunchDetailViewController.swift in Sources */,
				84BC526C25BEA1BD00901F77 /* LaunchesTableViewCell.swift in Sources */,
				84BC526825BEA15500901F77 /* LaunchModel.swift in Sources */,
				84BC525A25BE9D0300901F77 /* CoordinatorViewController.swift in Sources */,
				84BC527025BEA21100901F77 /* UIImageView+URL.swift in Sources */,
				84BC526425BEA11600901F77 /* LaunchesViewModel.swift in Sources */,
				84BC526025BE9DAC00901F77 /* LaunchesViewController.swift in Sources */,
				84BC527425BEA23F00901F77 /* Date+String.swift in Sources */,
				84BC525E25BE9D6C00901F77 /* LaunchDetailCoordinator.swift in Sources */,
				84BC527225BEA22500901F77 /* UIView+Identifier.swift in Sources */,
				84BC526625BEA13800901F77 /* LaunchDetailViewModel.swift in Sources */,
				84BC527625BEA53000901F77 /* MRCConstant.swift in Sources */,
				84BC526E25BEA1E600901F77 /* UIViewController+Instantiate.swift in Sources */,
				84B5FC8A25BE8C7200BECF13 /* AppDelegate.swift in Sources */,
				84BC526A25BEA18400901F77 /* RocketModel.swift in Sources */,
				84BC525C25BE9D4A00901F77 /* LaunchesCoordinator.swift in Sources */,
				84B5FC8C25BE8C7200BECF13 /* SceneDelegate.swift in Sources */,
			);
			runOnlyForDeploymentPostprocessing = 0;
		};
		84B5FC9825BE8C7600BECF13 /* Sources */ = {
			isa = PBXSourcesBuildPhase;
			buildActionMask = 2147483647;
			files = (
				84B5FCA125BE8C7600BECF13 /* SpaceX_APITests.swift in Sources */,
			);
			runOnlyForDeploymentPostprocessing = 0;
		};
		84B5FCA325BE8C7600BECF13 /* Sources */ = {
			isa = PBXSourcesBuildPhase;
			buildActionMask = 2147483647;
			files = (
				84B5FCAC25BE8C7600BECF13 /* SpaceX_APIUITests.swift in Sources */,
			);
			runOnlyForDeploymentPostprocessing = 0;
		};
/* End PBXSourcesBuildPhase section */

/* Begin PBXTargetDependency section */
		84B5FC9E25BE8C7600BECF13 /* PBXTargetDependency */ = {
			isa = PBXTargetDependency;
			target = 84B5FC8525BE8C7200BECF13 /* SpaceX_API */;
			targetProxy = 84B5FC9D25BE8C7600BECF13 /* PBXContainerItemProxy */;
		};
		84B5FCA925BE8C7600BECF13 /* PBXTargetDependency */ = {
			isa = PBXTargetDependency;
			target = 84B5FC8525BE8C7200BECF13 /* SpaceX_API */;
			targetProxy = 84B5FCA825BE8C7600BECF13 /* PBXContainerItemProxy */;
		};
/* End PBXTargetDependency section */

/* Begin PBXVariantGroup section */
		84B5FC9425BE8C7500BECF13 /* LaunchScreen.storyboard */ = {
			isa = PBXVariantGroup;
			children = (
				84B5FC9525BE8C7500BECF13 /* Base */,
			);
			name = LaunchScreen.storyboard;
			sourceTree = "<group>";
		};
/* End PBXVariantGroup section */

/* Begin XCBuildConfiguration section */
		84B5FCAE25BE8C7600BECF13 /* Debug */ = {
			isa = XCBuildConfiguration;
			buildSettings = {
				ALWAYS_SEARCH_USER_PATHS = NO;
				CLANG_ANALYZER_NONNULL = YES;
				CLANG_ANALYZER_NUMBER_OBJECT_CONVERSION = YES_AGGRESSIVE;
				CLANG_CXX_LANGUAGE_STANDARD = "gnu++14";
				CLANG_CXX_LIBRARY = "libc++";
				CLANG_ENABLE_MODULES = YES;
				CLANG_ENABLE_OBJC_ARC = YES;
				CLANG_ENABLE_OBJC_WEAK = YES;
				CLANG_WARN_BLOCK_CAPTURE_AUTORELEASING = YES;
				CLANG_WARN_BOOL_CONVERSION = YES;
				CLANG_WARN_COMMA = YES;
				CLANG_WARN_CONSTANT_CONVERSION = YES;
				CLANG_WARN_DEPRECATED_OBJC_IMPLEMENTATIONS = YES;
				CLANG_WARN_DIRECT_OBJC_ISA_USAGE = YES_ERROR;
				CLANG_WARN_DOCUMENTATION_COMMENTS = YES;
				CLANG_WARN_EMPTY_BODY = YES;
				CLANG_WARN_ENUM_CONVERSION = YES;
				CLANG_WARN_INFINITE_RECURSION = YES;
				CLANG_WARN_INT_CONVERSION = YES;
				CLANG_WARN_NON_LITERAL_NULL_CONVERSION = YES;
				CLANG_WARN_OBJC_IMPLICIT_RETAIN_SELF = YES;
				CLANG_WARN_OBJC_LITERAL_CONVERSION = YES;
				CLANG_WARN_OBJC_ROOT_CLASS = YES_ERROR;
				CLANG_WARN_RANGE_LOOP_ANALYSIS = YES;
				CLANG_WARN_STRICT_PROTOTYPES = YES;
				CLANG_WARN_SUSPICIOUS_MOVE = YES;
				CLANG_WARN_UNGUARDED_AVAILABILITY = YES_AGGRESSIVE;
				CLANG_WARN_UNREACHABLE_CODE = YES;
				CLANG_WARN__DUPLICATE_METHOD_MATCH = YES;
				COPY_PHASE_STRIP = NO;
				DEBUG_INFORMATION_FORMAT = dwarf;
				ENABLE_STRICT_OBJC_MSGSEND = YES;
				ENABLE_TESTABILITY = YES;
				GCC_C_LANGUAGE_STANDARD = gnu11;
				GCC_DYNAMIC_NO_PIC = NO;
				GCC_NO_COMMON_BLOCKS = YES;
				GCC_OPTIMIZATION_LEVEL = 0;
				GCC_PREPROCESSOR_DEFINITIONS = (
					"DEBUG=1",
					"$(inherited)",
				);
				GCC_WARN_64_TO_32_BIT_CONVERSION = YES;
				GCC_WARN_ABOUT_RETURN_TYPE = YES_ERROR;
				GCC_WARN_UNDECLARED_SELECTOR = YES;
				GCC_WARN_UNINITIALIZED_AUTOS = YES_AGGRESSIVE;
				GCC_WARN_UNUSED_FUNCTION = YES;
				GCC_WARN_UNUSED_VARIABLE = YES;
				IPHONEOS_DEPLOYMENT_TARGET = 13.5;
				MTL_ENABLE_DEBUG_INFO = INCLUDE_SOURCE;
				MTL_FAST_MATH = YES;
				ONLY_ACTIVE_ARCH = YES;
				SDKROOT = iphoneos;
				SWIFT_ACTIVE_COMPILATION_CONDITIONS = DEBUG;
				SWIFT_OPTIMIZATION_LEVEL = "-Onone";
			};
			name = Debug;
		};
		84B5FCAF25BE8C7600BECF13 /* Release */ = {
			isa = XCBuildConfiguration;
			buildSettings = {
				ALWAYS_SEARCH_USER_PATHS = NO;
				CLANG_ANALYZER_NONNULL = YES;
				CLANG_ANALYZER_NUMBER_OBJECT_CONVERSION = YES_AGGRESSIVE;
				CLANG_CXX_LANGUAGE_STANDARD = "gnu++14";
				CLANG_CXX_LIBRARY = "libc++";
				CLANG_ENABLE_MODULES = YES;
				CLANG_ENABLE_OBJC_ARC = YES;
				CLANG_ENABLE_OBJC_WEAK = YES;
				CLANG_WARN_BLOCK_CAPTURE_AUTORELEASING = YES;
				CLANG_WARN_BOOL_CONVERSION = YES;
				CLANG_WARN_COMMA = YES;
				CLANG_WARN_CONSTANT_CONVERSION = YES;
				CLANG_WARN_DEPRECATED_OBJC_IMPLEMENTATIONS = YES;
				CLANG_WARN_DIRECT_OBJC_ISA_USAGE = YES_ERROR;
				CLANG_WARN_DOCUMENTATION_COMMENTS = YES;
				CLANG_WARN_EMPTY_BODY = YES;
				CLANG_WARN_ENUM_CONVERSION = YES;
				CLANG_WARN_INFINITE_RECURSION = YES;
				CLANG_WARN_INT_CONVERSION = YES;
				CLANG_WARN_NON_LITERAL_NULL_CONVERSION = YES;
				CLANG_WARN_OBJC_IMPLICIT_RETAIN_SELF = YES;
				CLANG_WARN_OBJC_LITERAL_CONVERSION = YES;
				CLANG_WARN_OBJC_ROOT_CLASS = YES_ERROR;
				CLANG_WARN_RANGE_LOOP_ANALYSIS = YES;
				CLANG_WARN_STRICT_PROTOTYPES = YES;
				CLANG_WARN_SUSPICIOUS_MOVE = YES;
				CLANG_WARN_UNGUARDED_AVAILABILITY = YES_AGGRESSIVE;
				CLANG_WARN_UNREACHABLE_CODE = YES;
				CLANG_WARN__DUPLICATE_METHOD_MATCH = YES;
				COPY_PHASE_STRIP = NO;
				DEBUG_INFORMATION_FORMAT = "dwarf-with-dsym";
				ENABLE_NS_ASSERTIONS = NO;
				ENABLE_STRICT_OBJC_MSGSEND = YES;
				GCC_C_LANGUAGE_STANDARD = gnu11;
				GCC_NO_COMMON_BLOCKS = YES;
				GCC_WARN_64_TO_32_BIT_CONVERSION = YES;
				GCC_WARN_ABOUT_RETURN_TYPE = YES_ERROR;
				GCC_WARN_UNDECLARED_SELECTOR = YES;
				GCC_WARN_UNINITIALIZED_AUTOS = YES_AGGRESSIVE;
				GCC_WARN_UNUSED_FUNCTION = YES;
				GCC_WARN_UNUSED_VARIABLE = YES;
				IPHONEOS_DEPLOYMENT_TARGET = 13.5;
				MTL_ENABLE_DEBUG_INFO = NO;
				MTL_FAST_MATH = YES;
				SDKROOT = iphoneos;
				SWIFT_COMPILATION_MODE = wholemodule;
				SWIFT_OPTIMIZATION_LEVEL = "-O";
				VALIDATE_PRODUCT = YES;
			};
			name = Release;
		};
		84B5FCB125BE8C7600BECF13 /* Debug */ = {
			isa = XCBuildConfiguration;
			baseConfigurationReference = BB7DEF2B7AB2CAC461DBA31C /* Pods-SpaceX_API.debug.xcconfig */;
			buildSettings = {
				ASSETCATALOG_COMPILER_APPICON_NAME = AppIcon;
				CODE_SIGN_STYLE = Automatic;
				INFOPLIST_FILE = SpaceX_API/Info.plist;
				IPHONEOS_DEPLOYMENT_TARGET = 11.0;
				LD_RUNPATH_SEARCH_PATHS = (
					"$(inherited)",
					"@executable_path/Frameworks",
				);
				PRODUCT_BUNDLE_IDENTIFIER = "com.test.app.SpaceX-API";
				PRODUCT_NAME = "$(TARGET_NAME)";
				SWIFT_VERSION = 5.0;
				TARGETED_DEVICE_FAMILY = "1,2";
			};
			name = Debug;
		};
		84B5FCB225BE8C7600BECF13 /* Release */ = {
			isa = XCBuildConfiguration;
			baseConfigurationReference = 80CCB25B7F697F302021C1FD /* Pods-SpaceX_API.release.xcconfig */;
			buildSettings = {
				ASSETCATALOG_COMPILER_APPICON_NAME = AppIcon;
				CODE_SIGN_STYLE = Automatic;
				INFOPLIST_FILE = SpaceX_API/Info.plist;
				IPHONEOS_DEPLOYMENT_TARGET = 11.0;
				LD_RUNPATH_SEARCH_PATHS = (
					"$(inherited)",
					"@executable_path/Frameworks",
				);
				PRODUCT_BUNDLE_IDENTIFIER = "com.test.app.SpaceX-API";
				PRODUCT_NAME = "$(TARGET_NAME)";
				SWIFT_VERSION = 5.0;
				TARGETED_DEVICE_FAMILY = "1,2";
			};
			name = Release;
		};
		84B5FCB425BE8C7600BECF13 /* Debug */ = {
			isa = XCBuildConfiguration;
			baseConfigurationReference = 27B2070D99E1AA927201EF27 /* Pods-SpaceX_APITests.debug.xcconfig */;
			buildSettings = {
				ALWAYS_EMBED_SWIFT_STANDARD_LIBRARIES = YES;
				BUNDLE_LOADER = "$(TEST_HOST)";
				CODE_SIGN_STYLE = Automatic;
				INFOPLIST_FILE = SpaceX_APITests/Info.plist;
				IPHONEOS_DEPLOYMENT_TARGET = 13.5;
				LD_RUNPATH_SEARCH_PATHS = (
					"$(inherited)",
					"@executable_path/Frameworks",
					"@loader_path/Frameworks",
				);
				PRODUCT_BUNDLE_IDENTIFIER = "com.test.app.SpaceX-APITests";
				PRODUCT_NAME = "$(TARGET_NAME)";
				SWIFT_VERSION = 5.0;
				TARGETED_DEVICE_FAMILY = "1,2";
				TEST_HOST = "$(BUILT_PRODUCTS_DIR)/SpaceX_API.app/SpaceX_API";
			};
			name = Debug;
		};
		84B5FCB525BE8C7600BECF13 /* Release */ = {
			isa = XCBuildConfiguration;
			baseConfigurationReference = E9C988AFAA82C235DF6B04A9 /* Pods-SpaceX_APITests.release.xcconfig */;
			buildSettings = {
				ALWAYS_EMBED_SWIFT_STANDARD_LIBRARIES = YES;
				BUNDLE_LOADER = "$(TEST_HOST)";
				CODE_SIGN_STYLE = Automatic;
				INFOPLIST_FILE = SpaceX_APITests/Info.plist;
				IPHONEOS_DEPLOYMENT_TARGET = 13.5;
				LD_RUNPATH_SEARCH_PATHS = (
					"$(inherited)",
					"@executable_path/Frameworks",
					"@loader_path/Frameworks",
				);
				PRODUCT_BUNDLE_IDENTIFIER = "com.test.app.SpaceX-APITests";
				PRODUCT_NAME = "$(TARGET_NAME)";
				SWIFT_VERSION = 5.0;
				TARGETED_DEVICE_FAMILY = "1,2";
				TEST_HOST = "$(BUILT_PRODUCTS_DIR)/SpaceX_API.app/SpaceX_API";
			};
			name = Release;
		};
		84B5FCB725BE8C7600BECF13 /* Debug */ = {
			isa = XCBuildConfiguration;
			baseConfigurationReference = FB9A5F025B51493264241901 /* Pods-SpaceX_API-SpaceX_APIUITests.debug.xcconfig */;
			buildSettings = {
				ALWAYS_EMBED_SWIFT_STANDARD_LIBRARIES = YES;
				CODE_SIGN_STYLE = Automatic;
				INFOPLIST_FILE = SpaceX_APIUITests/Info.plist;
				LD_RUNPATH_SEARCH_PATHS = (
					"$(inherited)",
					"@executable_path/Frameworks",
					"@loader_path/Frameworks",
				);
				PRODUCT_BUNDLE_IDENTIFIER = "com.test.app.SpaceX-APIUITests";
				PRODUCT_NAME = "$(TARGET_NAME)";
				SWIFT_VERSION = 5.0;
				TARGETED_DEVICE_FAMILY = "1,2";
				TEST_TARGET_NAME = SpaceX_API;
			};
			name = Debug;
		};
		84B5FCB825BE8C7600BECF13 /* Release */ = {
			isa = XCBuildConfiguration;
			baseConfigurationReference = 46DF3AE0C25FFF4A1DADEB28 /* Pods-SpaceX_API-SpaceX_APIUITests.release.xcconfig */;
			buildSettings = {
				ALWAYS_EMBED_SWIFT_STANDARD_LIBRARIES = YES;
				CODE_SIGN_STYLE = Automatic;
				INFOPLIST_FILE = SpaceX_APIUITests/Info.plist;
				LD_RUNPATH_SEARCH_PATHS = (
					"$(inherited)",
					"@executable_path/Frameworks",
					"@loader_path/Frameworks",
				);
				PRODUCT_BUNDLE_IDENTIFIER = "com.test.app.SpaceX-APIUITests";
				PRODUCT_NAME = "$(TARGET_NAME)";
				SWIFT_VERSION = 5.0;
				TARGETED_DEVICE_FAMILY = "1,2";
				TEST_TARGET_NAME = SpaceX_API;
			};
			name = Release;
		};
/* End XCBuildConfiguration section */

/* Begin XCConfigurationList section */
		84B5FC8125BE8C7200BECF13 /* Build configuration list for PBXProject "SpaceX_API" */ = {
			isa = XCConfigurationList;
			buildConfigurations = (
				84B5FCAE25BE8C7600BECF13 /* Debug */,
				84B5FCAF25BE8C7600BECF13 /* Release */,
			);
			defaultConfigurationIsVisible = 0;
			defaultConfigurationName = Release;
		};
		84B5FCB025BE8C7600BECF13 /* Build configuration list for PBXNativeTarget "SpaceX_API" */ = {
			isa = XCConfigurationList;
			buildConfigurations = (
				84B5FCB125BE8C7600BECF13 /* Debug */,
				84B5FCB225BE8C7600BECF13 /* Release */,
			);
			defaultConfigurationIsVisible = 0;
			defaultConfigurationName = Release;
		};
		84B5FCB325BE8C7600BECF13 /* Build configuration list for PBXNativeTarget "SpaceX_APITests" */ = {
			isa = XCConfigurationList;
			buildConfigurations = (
				84B5FCB425BE8C7600BECF13 /* Debug */,
				84B5FCB525BE8C7600BECF13 /* Release */,
			);
			defaultConfigurationIsVisible = 0;
			defaultConfigurationName = Release;
		};
		84B5FCB625BE8C7600BECF13 /* Build configuration list for PBXNativeTarget "SpaceX_APIUITests" */ = {
			isa = XCConfigurationList;
			buildConfigurations = (
				84B5FCB725BE8C7600BECF13 /* Debug */,
				84B5FCB825BE8C7600BECF13 /* Release */,
			);
			defaultConfigurationIsVisible = 0;
			defaultConfigurationName = Release;
		};
/* End XCConfigurationList section */
	};
	rootObject = 84B5FC7E25BE8C7200BECF13 /* Project object */;
}
